
Microsoft Visual Studio Solution File, Format Version 12.00
# Visual Studio Version 17
VisualStudioVersion = 17.0.32112.339
MinimumVisualStudioVersion = 10.0.40219.1
Project("{9A19103F-16F7-4668-BE54-9A1E7A4F7556}") = "UserPoints.API", "UserPoints.API\UserPoints.API.csproj", "{1B0CC759-47BD-4CA0-AB07-F973D05D7EBD}"
EndProject
Project("{9A19103F-16F7-4668-BE54-9A1E7A4F7556}") = "UserPoints.DataAccess", "UserPoints.DataAccess\UserPoints.DataAccess.csproj", "{9EFD6CB2-6827-4E8C-8905-4EA9B13DBE80}"
EndProject
Project("{9A19103F-16F7-4668-BE54-9A1E7A4F7556}") = "UserPoints", "UserPoints\UserPoints.csproj", "{7AB68DE2-13BA-4AAB-9B13-77A4BC043AE6}"
EndProject
Global
	GlobalSection(SolutionConfigurationPlatforms) = preSolution
		Debug|Any CPU = Debug|Any CPU
		Release|Any CPU = Release|Any CPU
	EndGlobalSection
	GlobalSection(ProjectConfigurationPlatforms) = postSolution
		{1B0CC759-47BD-4CA0-AB07-F973D05D7EBD}.Debug|Any CPU.ActiveCfg = Debug|Any CPU
		{1B0CC759-47BD-4CA0-AB07-F973D05D7EBD}.Debug|Any CPU.Build.0 = Debug|Any CPU
		{1B0CC759-47BD-4CA0-AB07-F973D05D7EBD}.Release|Any CPU.ActiveCfg = Release|Any CPU
		{1B0CC759-47BD-4CA0-AB07-F973D05D7EBD}.Release|Any CPU.Build.0 = Release|Any CPU
		{9EFD6CB2-6827-4E8C-8905-4EA9B13DBE80}.Debug|Any CPU.ActiveCfg = Debug|Any CPU
		{9EFD6CB2-6827-4E8C-8905-4EA9B13DBE80}.Debug|Any CPU.Build.0 = Debug|Any CPU
		{9EFD6CB2-6827-4E8C-8905-4EA9B13DBE80}.Release|Any CPU.ActiveCfg = Release|Any CPU
		{9EFD6CB2-6827-4E8C-8905-4EA9B13DBE80}.Release|Any CPU.Build.0 = Release|Any CPU
		{7AB68DE2-13BA-4AAB-9B13-77A4BC043AE6}.Debug|Any CPU.ActiveCfg = Debug|Any CPU
		{7AB68DE2-13BA-4AAB-9B13-77A4BC043AE6}.Debug|Any CPU.Build.0 = Debug|Any CPU
		{7AB68DE2-13BA-4AAB-9B13-77A4BC043AE6}.Release|Any CPU.ActiveCfg = Release|Any CPU
		{7AB68DE2-13BA-4AAB-9B13-77A4BC043AE6}.Release|Any CPU.Build.0 = Release|Any CPU
	EndGlobalSection
	GlobalSection(SolutionProperties) = preSolution
		HideSolutionNode = FALSE
	EndGlobalSection
	GlobalSection(ExtensibilityGlobals) = postSolution
		SolutionGuid = {C17A5683-997F-4FE9-AEDC-35956DF6793F}
	EndGlobalSection
EndGlobal
